
Microsoft Visual Studio Solution File, Format Version 12.00
# Visual Studio Version 16
VisualStudioVersion = 16.0.31605.320
MinimumVisualStudioVersion = 10.0.40219.1
Project("{9A19103F-16F7-4668-BE54-9A1E7A4F7556}") = "TheProjectOfTitans", "TheProjectOfTitans\TheProjectOfTitans.csproj", "{CCA33444-612F-4A66-9AFA-5C8F942A7092}"
EndProject
Project("{2150E333-8FDC-42A3-9474-1A3956D46DE8}") = "Web", "Web", "{5642D9D9-E574-463C-881F-77919157A01B}"
EndProject
Project("{9A19103F-16F7-4668-BE54-9A1E7A4F7556}") = "TheProjectOfTitans.Infrastructure", "TheProjectOfTitans.Infrastructure\TheProjectOfTitans.Infrastructure.csproj", "{87E42A3D-EC11-4F69-AA9E-E998C5B185DC}"
EndProject
Project("{2150E333-8FDC-42A3-9474-1A3956D46DE8}") = "WebModels", "WebModels", "{74925FC4-737F-4486-B16A-0A11F2D7E5D3}"
EndProject
Project("{9A19103F-16F7-4668-BE54-9A1E7A4F7556}") = "TheProjectOfTitans.Models", "TheProjectOfTitans.Models\TheProjectOfTitans.Models.csproj", "{B6CB8F4F-AFDF-45A3-A1FA-B5BC2DD25483}"
EndProject
Project("{2150E333-8FDC-42A3-9474-1A3956D46DE8}") = "TheProjectOfTitans.Services", "TheProjectOfTitans.Services", "{F95E930B-85BC-4D97-B5E4-17A584914540}"
EndProject
Project("{2150E333-8FDC-42A3-9474-1A3956D46DE8}") = "TheProjectOfTitans.Services.Mapping", "TheProjectOfTitans.Services.Mapping", "{D1A09116-D3E7-4DEC-B813-97EAD76DE7AE}"
EndProject
Project("{9A19103F-16F7-4668-BE54-9A1E7A4F7556}") = "TheProjectOfTitans.Services.Mapping", "TheProjectOfTitans.Services\TheProjectOfTitans.Services.Mapping\TheProjectOfTitans.Services.Mapping.csproj", "{6503F795-EA54-421F-88E2-5CEFFE4412F1}"
EndProject
Project("{2150E333-8FDC-42A3-9474-1A3956D46DE8}") = "TheProjectOfTitans.Data", "TheProjectOfTitans.Data", "{742F56A2-B3CE-4403-BF37-128F3174E84B}"
EndProject
Project("{2150E333-8FDC-42A3-9474-1A3956D46DE8}") = "TheProjectOfTitans.Data.Models", "TheProjectOfTitans.Data.Models", "{D605A271-9A1D-4529-8C4B-35FE82DA30ED}"
EndProject
Project("{9A19103F-16F7-4668-BE54-9A1E7A4F7556}") = "TheProjectOfTitans.Service", "TheProjectOfTitans.Service\TheProjectOfTitans.Service.csproj", "{F00C5EBF-56A0-4768-B326-B1752512DFE9}"
EndProject
Project("{2150E333-8FDC-42A3-9474-1A3956D46DE8}") = "TheProjectOfTitans.Services.Data", "TheProjectOfTitans.Services.Data", "{E787BC36-4DE6-4F06-B52B-D5169583552D}"
EndProject
Project("{9A19103F-16F7-4668-BE54-9A1E7A4F7556}") = "TheProjectOfTitans.Services.Data", "TheProjectOfTitans.Services.Data\TheProjectOfTitans.Services.Data.csproj", "{DA29AFD6-D485-4781-9EAC-8A31722ED3D9}"
EndProject
Project("{9A19103F-16F7-4668-BE54-9A1E7A4F7556}") = "TheProjectOfTitans.Data", "TheProjectOfTitans.Data\TheProjectOfTitans.Data.csproj", "{42307011-7659-45AA-983C-F6D43C62E8B0}"
EndProject
Project("{9A19103F-16F7-4668-BE54-9A1E7A4F7556}") = "TheProjectIOfTitans.Data.Models", "TheProjectIOfTitans.Data.Models\TheProjectIOfTitans.Data.Models.csproj", "{6AE8AFD6-A717-4F29-8942-B1EAF76AF434}"
EndProject
Project("{2150E333-8FDC-42A3-9474-1A3956D46DE8}") = "TheProjectOfTitans.Tests", "TheProjectOfTitans.Tests", "{3076D578-846A-42B2-8E77-230E3FB220C9}"
EndProject
Project("{2150E333-8FDC-42A3-9474-1A3956D46DE8}") = "TheProjectOfTitans.Common", "TheProjectOfTitans.Common", "{F0974D6F-0FCA-4926-BCCF-1D62FECF8E18}"
EndProject
Project("{9A19103F-16F7-4668-BE54-9A1E7A4F7556}") = "GlobalConstants", "GlobalConstants\GlobalConstants.csproj", "{03C0640C-CAB0-495B-B99C-2482E51E13A9}"
EndProject
Global
	GlobalSection(SolutionConfigurationPlatforms) = preSolution
		Debug|Any CPU = Debug|Any CPU
		Release|Any CPU = Release|Any CPU
	EndGlobalSection
	GlobalSection(ProjectConfigurationPlatforms) = postSolution
		{CCA33444-612F-4A66-9AFA-5C8F942A7092}.Debug|Any CPU.ActiveCfg = Debug|Any CPU
		{CCA33444-612F-4A66-9AFA-5C8F942A7092}.Debug|Any CPU.Build.0 = Debug|Any CPU
		{CCA33444-612F-4A66-9AFA-5C8F942A7092}.Release|Any CPU.ActiveCfg = Release|Any CPU
		{CCA33444-612F-4A66-9AFA-5C8F942A7092}.Release|Any CPU.Build.0 = Release|Any CPU
		{87E42A3D-EC11-4F69-AA9E-E998C5B185DC}.Debug|Any CPU.ActiveCfg = Debug|Any CPU
		{87E42A3D-EC11-4F69-AA9E-E998C5B185DC}.Debug|Any CPU.Build.0 = Debug|Any CPU
		{87E42A3D-EC11-4F69-AA9E-E998C5B185DC}.Release|Any CPU.ActiveCfg = Release|Any CPU
		{87E42A3D-EC11-4F69-AA9E-E998C5B185DC}.Release|Any CPU.Build.0 = Release|Any CPU
		{B6CB8F4F-AFDF-45A3-A1FA-B5BC2DD25483}.Debug|Any CPU.ActiveCfg = Debug|Any CPU
		{B6CB8F4F-AFDF-45A3-A1FA-B5BC2DD25483}.Debug|Any CPU.Build.0 = Debug|Any CPU
		{B6CB8F4F-AFDF-45A3-A1FA-B5BC2DD25483}.Release|Any CPU.ActiveCfg = Release|Any CPU
		{B6CB8F4F-AFDF-45A3-A1FA-B5BC2DD25483}.Release|Any CPU.Build.0 = Release|Any CPU
		{6503F795-EA54-421F-88E2-5CEFFE4412F1}.Debug|Any CPU.ActiveCfg = Debug|Any CPU
		{6503F795-EA54-421F-88E2-5CEFFE4412F1}.Debug|Any CPU.Build.0 = Debug|Any CPU
		{6503F795-EA54-421F-88E2-5CEFFE4412F1}.Release|Any CPU.ActiveCfg = Release|Any CPU
		{6503F795-EA54-421F-88E2-5CEFFE4412F1}.Release|Any CPU.Build.0 = Release|Any CPU
		{F00C5EBF-56A0-4768-B326-B1752512DFE9}.Debug|Any CPU.ActiveCfg = Debug|Any CPU
		{F00C5EBF-56A0-4768-B326-B1752512DFE9}.Debug|Any CPU.Build.0 = Debug|Any CPU
		{F00C5EBF-56A0-4768-B326-B1752512DFE9}.Release|Any CPU.ActiveCfg = Release|Any CPU
		{F00C5EBF-56A0-4768-B326-B1752512DFE9}.Release|Any CPU.Build.0 = Release|Any CPU
		{DA29AFD6-D485-4781-9EAC-8A31722ED3D9}.Debug|Any CPU.ActiveCfg = Debug|Any CPU
		{DA29AFD6-D485-4781-9EAC-8A31722ED3D9}.Debug|Any CPU.Build.0 = Debug|Any CPU
		{DA29AFD6-D485-4781-9EAC-8A31722ED3D9}.Release|Any CPU.ActiveCfg = Release|Any CPU
		{DA29AFD6-D485-4781-9EAC-8A31722ED3D9}.Release|Any CPU.Build.0 = Release|Any CPU
		{42307011-7659-45AA-983C-F6D43C62E8B0}.Debug|Any CPU.ActiveCfg = Debug|Any CPU
		{42307011-7659-45AA-983C-F6D43C62E8B0}.Debug|Any CPU.Build.0 = Debug|Any CPU
		{42307011-7659-45AA-983C-F6D43C62E8B0}.Release|Any CPU.ActiveCfg = Release|Any CPU
		{42307011-7659-45AA-983C-F6D43C62E8B0}.Release|Any CPU.Build.0 = Release|Any CPU
		{6AE8AFD6-A717-4F29-8942-B1EAF76AF434}.Debug|Any CPU.ActiveCfg = Debug|Any CPU
		{6AE8AFD6-A717-4F29-8942-B1EAF76AF434}.Debug|Any CPU.Build.0 = Debug|Any CPU
		{6AE8AFD6-A717-4F29-8942-B1EAF76AF434}.Release|Any CPU.ActiveCfg = Release|Any CPU
		{6AE8AFD6-A717-4F29-8942-B1EAF76AF434}.Release|Any CPU.Build.0 = Release|Any CPU
		{03C0640C-CAB0-495B-B99C-2482E51E13A9}.Debug|Any CPU.ActiveCfg = Debug|Any CPU
		{03C0640C-CAB0-495B-B99C-2482E51E13A9}.Debug|Any CPU.Build.0 = Debug|Any CPU
		{03C0640C-CAB0-495B-B99C-2482E51E13A9}.Release|Any CPU.ActiveCfg = Release|Any CPU
		{03C0640C-CAB0-495B-B99C-2482E51E13A9}.Release|Any CPU.Build.0 = Release|Any CPU
	EndGlobalSection
	GlobalSection(SolutionProperties) = preSolution
		HideSolutionNode = FALSE
	EndGlobalSection
	GlobalSection(NestedProjects) = preSolution
		{CCA33444-612F-4A66-9AFA-5C8F942A7092} = {5642D9D9-E574-463C-881F-77919157A01B}
		{87E42A3D-EC11-4F69-AA9E-E998C5B185DC} = {5642D9D9-E574-463C-881F-77919157A01B}
		{B6CB8F4F-AFDF-45A3-A1FA-B5BC2DD25483} = {74925FC4-737F-4486-B16A-0A11F2D7E5D3}
		{D1A09116-D3E7-4DEC-B813-97EAD76DE7AE} = {F95E930B-85BC-4D97-B5E4-17A584914540}
		{6503F795-EA54-421F-88E2-5CEFFE4412F1} = {D1A09116-D3E7-4DEC-B813-97EAD76DE7AE}
		{F00C5EBF-56A0-4768-B326-B1752512DFE9} = {F95E930B-85BC-4D97-B5E4-17A584914540}
		{E787BC36-4DE6-4F06-B52B-D5169583552D} = {F95E930B-85BC-4D97-B5E4-17A584914540}
		{DA29AFD6-D485-4781-9EAC-8A31722ED3D9} = {E787BC36-4DE6-4F06-B52B-D5169583552D}
		{42307011-7659-45AA-983C-F6D43C62E8B0} = {742F56A2-B3CE-4403-BF37-128F3174E84B}
		{6AE8AFD6-A717-4F29-8942-B1EAF76AF434} = {D605A271-9A1D-4529-8C4B-35FE82DA30ED}
		{03C0640C-CAB0-495B-B99C-2482E51E13A9} = {F0974D6F-0FCA-4926-BCCF-1D62FECF8E18}
	EndGlobalSection
	GlobalSection(ExtensibilityGlobals) = postSolution
		SolutionGuid = {3DECE584-2E0A-4D5F-AA5F-85896B8A7C03}
	EndGlobalSection
EndGlobal
